
Microsoft Visual Studio Solution File, Format Version 12.00
# Visual Studio Express 2013 for Web
VisualStudioVersion = 12.0.21005.1
MinimumVisualStudioVersion = 10.0.40219.1
Project("{FAE04EC0-301F-11D3-BF4B-00C04F79EFBC}") = "AlbatrosSoft", "AlbatrosSoft\AlbatrosSoft.csproj", "{6CE1426F-2D0E-480B-B449-9C68CA8EB7DE}"
EndProject
Global
	GlobalSection(TeamFoundationVersionControl) = preSolution
		SccNumberOfProjects = 2
		SccEnterpriseProvider = {4CA58AB2-18FA-4F8D-95D4-32DDF27D184C}
		SccTeamFoundationServer = https://albatrossoft2.visualstudio.com/defaultcollection
		SccLocalPath0 = .
		SccProjectUniqueName1 = AlbatrosSoft\\AlbatrosSoft.csproj
		SccProjectName1 = AlbatrosSoft
		SccLocalPath1 = AlbatrosSoft
	EndGlobalSection
	GlobalSection(SolutionConfigurationPlatforms) = preSolution
		Debug|Any CPU = Debug|Any CPU
		Release|Any CPU = Release|Any CPU
	EndGlobalSection
	GlobalSection(ProjectConfigurationPlatforms) = postSolution
		{6CE1426F-2D0E-480B-B449-9C68CA8EB7DE}.Debug|Any CPU.ActiveCfg = Debug|Any CPU
		{6CE1426F-2D0E-480B-B449-9C68CA8EB7DE}.Debug|Any CPU.Build.0 = Debug|Any CPU
		{6CE1426F-2D0E-480B-B449-9C68CA8EB7DE}.Release|Any CPU.ActiveCfg = Release|Any CPU
		{6CE1426F-2D0E-480B-B449-9C68CA8EB7DE}.Release|Any CPU.Build.0 = Release|Any CPU
	EndGlobalSection
	GlobalSection(SolutionProperties) = preSolution
		HideSolutionNode = FALSE
	EndGlobalSection
EndGlobal
